# THIS IS AN AUTOGENERATED FILE. DO NOT EDIT THIS FILE DIRECTLY.
# yarn lockfile v1


"@aws-crypto/ie11-detection@^2.0.0":
  version "2.0.0"
  resolved "https://registry.yarnpkg.com/@aws-crypto/ie11-detection/-/ie11-detection-2.0.0.tgz#bb6c2facf8f03457e949dcf0921477397ffa4c6e"
  integrity sha512-pkVXf/dq6PITJ0jzYZ69VhL8VFOFoPZLZqtU/12SGnzYuJOOGNfF41q9GxdI1yqC8R13Rq3jOLKDFpUJFT5eTA==
  dependencies:
    tslib "^1.11.1"

"@aws-crypto/sha256-browser@2.0.0":
  version "2.0.0"
  resolved "https://registry.yarnpkg.com/@aws-crypto/sha256-browser/-/sha256-browser-2.0.0.tgz#741c9024df55ec59b51e5b1f5d806a4852699fb5"
  integrity sha512-rYXOQ8BFOaqMEHJrLHul/25ckWH6GTJtdLSajhlqGMx0PmSueAuvboCuZCTqEKlxR8CQOwRarxYMZZSYlhRA1A==
  dependencies:
    "@aws-crypto/ie11-detection" "^2.0.0"
    "@aws-crypto/sha256-js" "^2.0.0"
    "@aws-crypto/supports-web-crypto" "^2.0.0"
    "@aws-crypto/util" "^2.0.0"
    "@aws-sdk/types" "^3.1.0"
    "@aws-sdk/util-locate-window" "^3.0.0"
    "@aws-sdk/util-utf8-browser" "^3.0.0"
    tslib "^1.11.1"

"@aws-crypto/sha256-js@2.0.0":
  version "2.0.0"
  resolved "https://registry.yarnpkg.com/@aws-crypto/sha256-js/-/sha256-js-2.0.0.tgz#f1f936039bdebd0b9e2dd834d65afdc2aac4efcb"
  integrity sha512-VZY+mCY4Nmrs5WGfitmNqXzaE873fcIZDu54cbaDaaamsaTOP1DBImV9F4pICc3EHjQXujyE8jig+PFCaew9ig==
  dependencies:
    "@aws-crypto/util" "^2.0.0"
    "@aws-sdk/types" "^3.1.0"
    tslib "^1.11.1"

"@aws-crypto/sha256-js@^2.0.0":
  version "2.0.1"
  resolved "https://registry.yarnpkg.com/@aws-crypto/sha256-js/-/sha256-js-2.0.1.tgz#79e1e6cf61f652ef2089c08d471c722ecf1626a9"
  integrity sha512-mbHTBSPBvg6o/mN/c18Z/zifM05eJrapj5ggoOIeHIWckvkv5VgGi7r/wYpt+QAO2ySKXLNvH2d8L7bne4xrMQ==
  dependencies:
    "@aws-crypto/util" "^2.0.1"
    "@aws-sdk/types" "^3.1.0"
    tslib "^1.11.1"

"@aws-crypto/supports-web-crypto@^2.0.0":
  version "2.0.0"
  resolved "https://registry.yarnpkg.com/@aws-crypto/supports-web-crypto/-/supports-web-crypto-2.0.0.tgz#fd6cde30b88f77d5a4f57b2c37c560d918014f9e"
  integrity sha512-Ge7WQ3E0OC7FHYprsZV3h0QIcpdyJLvIeg+uTuHqRYm8D6qCFJoiC+edSzSyFiHtZf+NOQDJ1q46qxjtzIY2nA==
  dependencies:
    tslib "^1.11.1"

"@aws-crypto/util@^2.0.0", "@aws-crypto/util@^2.0.1":
  version "2.0.1"
  resolved "https://registry.yarnpkg.com/@aws-crypto/util/-/util-2.0.1.tgz#976cf619cf85084ca85ec5eb947a6ac6b8b5c98c"
  integrity sha512-JJmFFwvbm08lULw4Nm5QOLg8+lAQeC8aCXK5xrtxntYzYXCGfHwUJ4Is3770Q7HmICsXthGQ+ZsDL7C2uH3yBQ==
  dependencies:
    "@aws-sdk/types" "^3.1.0"
    "@aws-sdk/util-utf8-browser" "^3.0.0"
    tslib "^1.11.1"

"@aws-sdk/abort-controller@3.127.0":
  version "3.127.0"
  resolved "https://registry.yarnpkg.com/@aws-sdk/abort-controller/-/abort-controller-3.127.0.tgz#60c98bffdb185d8eb5d3e43f30f57a32cc8687d6"
  integrity sha512-G77FLYcl9egUoD3ZmR6TX94NMqBMeT53hBGrEE3uVUJV1CwfGKfaF007mPpRZnIB3avnJBQGEK6MrwlCfv2qAw==
  dependencies:
    "@aws-sdk/types" "3.127.0"
    tslib "^2.3.1"

"@aws-sdk/client-sns@^3.24.0":
  version "3.131.0"
  resolved "https://registry.yarnpkg.com/@aws-sdk/client-sns/-/client-sns-3.131.0.tgz#f92032885062b70b01e87a5791fea51ae7c0ca94"
  integrity sha512-q49aRGNhw1JZv60WLBL1wgJwKwZoB2+1lCMJCuNN7sTOH8UVlH74jgOnMaJZ4rt83G1NohxZSSKmvVoMDn/uag==
  dependencies:
    "@aws-crypto/sha256-browser" "2.0.0"
    "@aws-crypto/sha256-js" "2.0.0"
    "@aws-sdk/client-sts" "3.131.0"
    "@aws-sdk/config-resolver" "3.130.0"
    "@aws-sdk/credential-provider-node" "3.131.0"
    "@aws-sdk/fetch-http-handler" "3.131.0"
    "@aws-sdk/hash-node" "3.127.0"
    "@aws-sdk/invalid-dependency" "3.127.0"
    "@aws-sdk/middleware-content-length" "3.127.0"
    "@aws-sdk/middleware-host-header" "3.127.0"
    "@aws-sdk/middleware-logger" "3.127.0"
    "@aws-sdk/middleware-recursion-detection" "3.127.0"
    "@aws-sdk/middleware-retry" "3.127.0"
    "@aws-sdk/middleware-serde" "3.127.0"
    "@aws-sdk/middleware-signing" "3.130.0"
    "@aws-sdk/middleware-stack" "3.127.0"
    "@aws-sdk/middleware-user-agent" "3.127.0"
    "@aws-sdk/node-config-provider" "3.127.0"
    "@aws-sdk/node-http-handler" "3.127.0"
    "@aws-sdk/protocol-http" "3.127.0"
    "@aws-sdk/smithy-client" "3.127.0"
    "@aws-sdk/types" "3.127.0"
    "@aws-sdk/url-parser" "3.127.0"
    "@aws-sdk/util-base64-browser" "3.109.0"
    "@aws-sdk/util-base64-node" "3.55.0"
    "@aws-sdk/util-body-length-browser" "3.55.0"
    "@aws-sdk/util-body-length-node" "3.55.0"
    "@aws-sdk/util-defaults-mode-browser" "3.127.0"
    "@aws-sdk/util-defaults-mode-node" "3.130.0"
    "@aws-sdk/util-user-agent-browser" "3.127.0"
    "@aws-sdk/util-user-agent-node" "3.127.0"
    "@aws-sdk/util-utf8-browser" "3.109.0"
    "@aws-sdk/util-utf8-node" "3.109.0"
    entities "2.2.0"
    fast-xml-parser "3.19.0"
    tslib "^2.3.1"

"@aws-sdk/client-sso@3.131.0":
  version "3.131.0"
  resolved "https://registry.yarnpkg.com/@aws-sdk/client-sso/-/client-sso-3.131.0.tgz#2a1177854092a64e976720a7e69bbab0d72e0855"
  integrity sha512-6fbjqLdVZF7mvGpHjWX5YsqBE/99MilNtGUFlwuf4/KnmYy49V16A6Dltnd43Hu6HVGxJ8caH9nCkIdNp3YZcQ==
  dependencies:
    "@aws-crypto/sha256-browser" "2.0.0"
    "@aws-crypto/sha256-js" "2.0.0"
    "@aws-sdk/config-resolver" "3.130.0"
    "@aws-sdk/fetch-http-handler" "3.131.0"
    "@aws-sdk/hash-node" "3.127.0"
    "@aws-sdk/invalid-dependency" "3.127.0"
    "@aws-sdk/middleware-content-length" "3.127.0"
    "@aws-sdk/middleware-host-header" "3.127.0"
    "@aws-sdk/middleware-logger" "3.127.0"
    "@aws-sdk/middleware-recursion-detection" "3.127.0"
    "@aws-sdk/middleware-retry" "3.127.0"
    "@aws-sdk/middleware-serde" "3.127.0"
    "@aws-sdk/middleware-stack" "3.127.0"
    "@aws-sdk/middleware-user-agent" "3.127.0"
    "@aws-sdk/node-config-provider" "3.127.0"
    "@aws-sdk/node-http-handler" "3.127.0"
    "@aws-sdk/protocol-http" "3.127.0"
    "@aws-sdk/smithy-client" "3.127.0"
    "@aws-sdk/types" "3.127.0"
    "@aws-sdk/url-parser" "3.127.0"
    "@aws-sdk/util-base64-browser" "3.109.0"
    "@aws-sdk/util-base64-node" "3.55.0"
    "@aws-sdk/util-body-length-browser" "3.55.0"
    "@aws-sdk/util-body-length-node" "3.55.0"
    "@aws-sdk/util-defaults-mode-browser" "3.127.0"
    "@aws-sdk/util-defaults-mode-node" "3.130.0"
    "@aws-sdk/util-user-agent-browser" "3.127.0"
    "@aws-sdk/util-user-agent-node" "3.127.0"
    "@aws-sdk/util-utf8-browser" "3.109.0"
    "@aws-sdk/util-utf8-node" "3.109.0"
    tslib "^2.3.1"

"@aws-sdk/client-sts@3.131.0":
  version "3.131.0"
  resolved "https://registry.yarnpkg.com/@aws-sdk/client-sts/-/client-sts-3.131.0.tgz#5867be8c1e9cf71c9abad90e3a67c8d10a5aa89b"
  integrity sha512-D9GAnF8n3VwFhaE+jxXH035ZZ24WxpY36DUxszCRwXbA7qFazY1BTs1WoKFr8tDH4/iUUqCXd8NuA1l4RiwnqQ==
  dependencies:
    "@aws-crypto/sha256-browser" "2.0.0"
    "@aws-crypto/sha256-js" "2.0.0"
    "@aws-sdk/config-resolver" "3.130.0"
    "@aws-sdk/credential-provider-node" "3.131.0"
    "@aws-sdk/fetch-http-handler" "3.131.0"
    "@aws-sdk/hash-node" "3.127.0"
    "@aws-sdk/invalid-dependency" "3.127.0"
    "@aws-sdk/middleware-content-length" "3.127.0"
    "@aws-sdk/middleware-host-header" "3.127.0"
    "@aws-sdk/middleware-logger" "3.127.0"
    "@aws-sdk/middleware-recursion-detection" "3.127.0"
    "@aws-sdk/middleware-retry" "3.127.0"
    "@aws-sdk/middleware-sdk-sts" "3.130.0"
    "@aws-sdk/middleware-serde" "3.127.0"
    "@aws-sdk/middleware-signing" "3.130.0"
    "@aws-sdk/middleware-stack" "3.127.0"
    "@aws-sdk/middleware-user-agent" "3.127.0"
    "@aws-sdk/node-config-provider" "3.127.0"
    "@aws-sdk/node-http-handler" "3.127.0"
    "@aws-sdk/protocol-http" "3.127.0"
    "@aws-sdk/smithy-client" "3.127.0"
    "@aws-sdk/types" "3.127.0"
    "@aws-sdk/url-parser" "3.127.0"
    "@aws-sdk/util-base64-browser" "3.109.0"
    "@aws-sdk/util-base64-node" "3.55.0"
    "@aws-sdk/util-body-length-browser" "3.55.0"
    "@aws-sdk/util-body-length-node" "3.55.0"
    "@aws-sdk/util-defaults-mode-browser" "3.127.0"
    "@aws-sdk/util-defaults-mode-node" "3.130.0"
    "@aws-sdk/util-user-agent-browser" "3.127.0"
    "@aws-sdk/util-user-agent-node" "3.127.0"
    "@aws-sdk/util-utf8-browser" "3.109.0"
    "@aws-sdk/util-utf8-node" "3.109.0"
    entities "2.2.0"
    fast-xml-parser "3.19.0"
    tslib "^2.3.1"

"@aws-sdk/config-resolver@3.130.0":
  version "3.130.0"
  resolved "https://registry.yarnpkg.com/@aws-sdk/config-resolver/-/config-resolver-3.130.0.tgz#ba0fa915fa5613e87051a9826531e59cab4387b1"
  integrity sha512-7dkCHHI9kRcHW6YNr9/2Ub6XkvU9Fu6H/BnlKbaKlDR8jq7QpaFhPhctOVi5D/NDpxJgALifexFne0dvo3piTw==
  dependencies:
    "@aws-sdk/signature-v4" "3.130.0"
    "@aws-sdk/types" "3.127.0"
    "@aws-sdk/util-config-provider" "3.109.0"
    "@aws-sdk/util-middleware" "3.127.0"
    tslib "^2.3.1"

"@aws-sdk/credential-provider-env@3.127.0":
  version "3.127.0"
  resolved "https://registry.yarnpkg.com/@aws-sdk/credential-provider-env/-/credential-provider-env-3.127.0.tgz#06eb67461f7df8feb14abd3b459f682544d78e43"
  integrity sha512-Ig7XhUikRBlnRTYT5JBGzWfYZp68X5vkFVIFCmsHHt/qVy0Nz9raZpmDHicdS1u67yxDkWgCPn/bNevWnM0GFg==
  dependencies:
    "@aws-sdk/property-provider" "3.127.0"
    "@aws-sdk/types" "3.127.0"
    tslib "^2.3.1"

"@aws-sdk/credential-provider-imds@3.127.0":
  version "3.127.0"
  resolved "https://registry.yarnpkg.com/@aws-sdk/credential-provider-imds/-/credential-provider-imds-3.127.0.tgz#1fc7b40bf21adcc2a897e47b72796bd8ebcc7d86"
  integrity sha512-I6KlIBBzmJn/U1KikiC50PK3SspT9G5lkVLBaW5a6YfOcijqVTXfAN3kYzqhfeS0j4IgfJEwKVsjsZfmprJO5A==
  dependencies:
    "@aws-sdk/node-config-provider" "3.127.0"
    "@aws-sdk/property-provider" "3.127.0"
    "@aws-sdk/types" "3.127.0"
    "@aws-sdk/url-parser" "3.127.0"
    tslib "^2.3.1"

"@aws-sdk/credential-provider-ini@3.131.0":
  version "3.131.0"
  resolved "https://registry.yarnpkg.com/@aws-sdk/credential-provider-ini/-/credential-provider-ini-3.131.0.tgz#fa22aebeb65804b8ec1c4a7167292a80ea7d8131"
  integrity sha512-0hA2ZwRUDmG5Wp/1t5BLvju2kZft1T3b3KC068ZY3t1+t/O46R6R9vINKEodohKTbfmGddu+aGY58Ai+N7O5Xw==
  dependencies:
    "@aws-sdk/credential-provider-env" "3.127.0"
    "@aws-sdk/credential-provider-imds" "3.127.0"
    "@aws-sdk/credential-provider-sso" "3.131.0"
    "@aws-sdk/credential-provider-web-identity" "3.127.0"
    "@aws-sdk/property-provider" "3.127.0"
    "@aws-sdk/shared-ini-file-loader" "3.127.0"
    "@aws-sdk/types" "3.127.0"
    tslib "^2.3.1"

"@aws-sdk/credential-provider-node@3.131.0":
  version "3.131.0"
  resolved "https://registry.yarnpkg.com/@aws-sdk/credential-provider-node/-/credential-provider-node-3.131.0.tgz#df76ef73c90320121a9d63d3c85e1579d58b9125"
  integrity sha512-nVQ6P91nd7i/G+iEnKWVwRRsQZIdY0qfza2+v70fOphjv0vzgDN7Xbn1GiYQVbxBiuxMSjQqg1r/p9PdRmt6QA==
  dependencies:
    "@aws-sdk/credential-provider-env" "3.127.0"
    "@aws-sdk/credential-provider-imds" "3.127.0"
    "@aws-sdk/credential-provider-ini" "3.131.0"
    "@aws-sdk/credential-provider-process" "3.127.0"
    "@aws-sdk/credential-provider-sso" "3.131.0"
    "@aws-sdk/credential-provider-web-identity" "3.127.0"
    "@aws-sdk/property-provider" "3.127.0"
    "@aws-sdk/shared-ini-file-loader" "3.127.0"
    "@aws-sdk/types" "3.127.0"
    tslib "^2.3.1"

"@aws-sdk/credential-provider-process@3.127.0":
  version "3.127.0"
  resolved "https://registry.yarnpkg.com/@aws-sdk/credential-provider-process/-/credential-provider-process-3.127.0.tgz#6046a20013a3edd58b631668ed1d73dfd63a931c"
  integrity sha512-6v0m2lqkO9J5fNlTl+HjriQNIdfg8mjVST544+5y9EnC/FVmTnIz64vfHveWdNkP/fehFx7wTimNENtoSqCn3A==
  dependencies:
    "@aws-sdk/property-provider" "3.127.0"
    "@aws-sdk/shared-ini-file-loader" "3.127.0"
    "@aws-sdk/types" "3.127.0"
    tslib "^2.3.1"

"@aws-sdk/credential-provider-sso@3.131.0":
  version "3.131.0"
  resolved "https://registry.yarnpkg.com/@aws-sdk/credential-provider-sso/-/credential-provider-sso-3.131.0.tgz#263694373bb9ee87d622d32a3e79d4e0ff4e9787"
  integrity sha512-3LVan87e6NqnwUrpmjM5dbx8LbZyGG7Gdzf68YL0tZFptCFh1mR/kTJCToGX/hm7Jf3SRU3wtUWJ6G72yP72Sw==
  dependencies:
    "@aws-sdk/client-sso" "3.131.0"
    "@aws-sdk/property-provider" "3.127.0"
    "@aws-sdk/shared-ini-file-loader" "3.127.0"
    "@aws-sdk/types" "3.127.0"
    tslib "^2.3.1"

"@aws-sdk/credential-provider-web-identity@3.127.0":
  version "3.127.0"
  resolved "https://registry.yarnpkg.com/@aws-sdk/credential-provider-web-identity/-/credential-provider-web-identity-3.127.0.tgz#a56c390bf0148f20573abd022930b28df345043a"
  integrity sha512-85ahDZnLYB3dqkW+cQ0bWt+NVqOoxomTrJoq3IC2q6muebeFrJ0pyf0JEW/RNRzBiUvvsZujzGdWifzWyQKfVg==
  dependencies:
    "@aws-sdk/property-provider" "3.127.0"
    "@aws-sdk/types" "3.127.0"
    tslib "^2.3.1"

"@aws-sdk/fetch-http-handler@3.131.0":
  version "3.131.0"
  resolved "https://registry.yarnpkg.com/@aws-sdk/fetch-http-handler/-/fetch-http-handler-3.131.0.tgz#426721ba3c4e7687a6c12ce10bdc661900325815"
  integrity sha512-eNxmPZQX2IUeBGWHNC7eNTekWn9VIPLYEMKJbKYUBJryxuTJ7TtLeyEK5oakUjMwP1AUvWT+CV7C+8L7uG1omQ==
  dependencies:
    "@aws-sdk/protocol-http" "3.127.0"
    "@aws-sdk/querystring-builder" "3.127.0"
    "@aws-sdk/types" "3.127.0"
    "@aws-sdk/util-base64-browser" "3.109.0"
    tslib "^2.3.1"

"@aws-sdk/hash-node@3.127.0":
  version "3.127.0"
  resolved "https://registry.yarnpkg.com/@aws-sdk/hash-node/-/hash-node-3.127.0.tgz#2fbbeb509a515e6a5cfd6846c02cc1967961a40b"
  integrity sha512-wx7DKlXdKebH4JcMsOevdsm2oDNMVm36kuMm0XWRIrFWQ/oq7OquDpEMJzWvGqWF/IfFUpb7FhAWZZpALwlcwA==
  dependencies:
    "@aws-sdk/types" "3.127.0"
    "@aws-sdk/util-buffer-from" "3.55.0"
    tslib "^2.3.1"

"@aws-sdk/invalid-dependency@3.127.0":
  version "3.127.0"
  resolved "https://registry.yarnpkg.com/@aws-sdk/invalid-dependency/-/invalid-dependency-3.127.0.tgz#3a99603e1969f67278495b827243e9a391b8cfc4"
  integrity sha512-bxvmtmJ6gIRfOHvh1jAPZBH2mzppEblPjEOFo4mOzXz4U3qPIxeuukCjboMnGK9QEpV2wObWcYYld0vxoRrfiA==
  dependencies:
    "@aws-sdk/types" "3.127.0"
    tslib "^2.3.1"

"@aws-sdk/is-array-buffer@3.55.0":
  version "3.55.0"
  resolved "https://registry.yarnpkg.com/@aws-sdk/is-array-buffer/-/is-array-buffer-3.55.0.tgz#c46122c5636f01d5895e5256a587768c3425ea7a"
  integrity sha512-NbiPHVYuPxdqdFd6FxzzN3H1BQn/iWA3ri3Ry7AyLeP/tGs1yzEWMwf8BN8TSMALI0GXT6Sh0GDWy3Ok5xB6DA==
  dependencies:
    tslib "^2.3.1"

"@aws-sdk/middleware-content-length@3.127.0":
  version "3.127.0"
  resolved "https://registry.yarnpkg.com/@aws-sdk/middleware-content-length/-/middleware-content-length-3.127.0.tgz#662c1971fdb2dd7d34a9945ebd8da52578900434"
  integrity sha512-AFmMaIEW3Rzg0TaKB9l/RENLowd7ZEEOpm0trYw1CgUUORWW/ydCsDT7pekPlC25CPbhUmWXCSA4xPFSYOVnDw==
  dependencies:
    "@aws-sdk/protocol-http" "3.127.0"
    "@aws-sdk/types" "3.127.0"
    tslib "^2.3.1"

"@aws-sdk/middleware-host-header@3.127.0":
  version "3.127.0"
  resolved "https://registry.yarnpkg.com/@aws-sdk/middleware-host-header/-/middleware-host-header-3.127.0.tgz#679f685bd8b4f221ed2c11e90b381d6904034ef9"
  integrity sha512-e2gTLJb5lYP9lRV7hN3rKY2l4jv8OygOoHElZJ3Z8KPZskjHelYPcQ8XbdfhSXXxC3vc/0QqN0ResFt3W3Pplg==
  dependencies:
    "@aws-sdk/protocol-http" "3.127.0"
    "@aws-sdk/types" "3.127.0"
    tslib "^2.3.1"

"@aws-sdk/middleware-logger@3.127.0":
  version "3.127.0"
  resolved "https://registry.yarnpkg.com/@aws-sdk/middleware-logger/-/middleware-logger-3.127.0.tgz#b62fd148888f418bd74b0c9d76b80588224ee98f"
  integrity sha512-jMNLcZB/ECA7OfkNBLNeAlrLRehyfnUeNQJHW3kcxs9h1+6VxaF6wY+WKozszLI7/3OBzQrFHBQCfRZV7ykSLg==
  dependencies:
    "@aws-sdk/types" "3.127.0"
    tslib "^2.3.1"

"@aws-sdk/middleware-recursion-detection@3.127.0":
  version "3.127.0"
  resolved "https://registry.yarnpkg.com/@aws-sdk/middleware-recursion-detection/-/middleware-recursion-detection-3.127.0.tgz#84949efd4a05a4d00da3e9242825e3c9d715f800"
  integrity sha512-tB6WX+Z1kUKTnn5h38XFrTCzoqPKjUZLUjN4Wb27/cbeSiTSKGAZcCXHOJm36Ukorl5arlybQTqGe689EU00Hw==
  dependencies:
    "@aws-sdk/protocol-http" "3.127.0"
    "@aws-sdk/types" "3.127.0"
    tslib "^2.3.1"

"@aws-sdk/middleware-retry@3.127.0":
  version "3.127.0"
  resolved "https://registry.yarnpkg.com/@aws-sdk/middleware-retry/-/middleware-retry-3.127.0.tgz#bcd0741ed676588101739083c6bd141d5c1911e1"
  integrity sha512-ZSvg/AyGUacWnf3i8ZbyImtiCH+NyafF8uV7bITP7JkwPrG+VdNocJZOr88GRM0c1A0jfkOf7+oq+fInPwwiNA==
  dependencies:
    "@aws-sdk/protocol-http" "3.127.0"
    "@aws-sdk/service-error-classification" "3.127.0"
    "@aws-sdk/types" "3.127.0"
    "@aws-sdk/util-middleware" "3.127.0"
    tslib "^2.3.1"
    uuid "^8.3.2"

"@aws-sdk/middleware-sdk-sts@3.130.0":
  version "3.130.0"
  resolved "https://registry.yarnpkg.com/@aws-sdk/middleware-sdk-sts/-/middleware-sdk-sts-3.130.0.tgz#b8dc87c25db048ae8b91962459dfaec5d5b48a8f"
  integrity sha512-FDfs7+ohbhEK3eH3Dshr6JDiL8P72bp3ffeNpPBXuURFqwt4pCmjHuX3SqQR0JIJ2cl3aIdxc17rKaZJfOjtPw==
  dependencies:
    "@aws-sdk/middleware-signing" "3.130.0"
    "@aws-sdk/property-provider" "3.127.0"
    "@aws-sdk/protocol-http" "3.127.0"
    "@aws-sdk/signature-v4" "3.130.0"
    "@aws-sdk/types" "3.127.0"
    tslib "^2.3.1"

"@aws-sdk/middleware-serde@3.127.0":
  version "3.127.0"
  resolved "https://registry.yarnpkg.com/@aws-sdk/middleware-serde/-/middleware-serde-3.127.0.tgz#8732d71ed0d28c43e609fcc156b1a1ac307c0d5f"
  integrity sha512-xmWMYV/t9M+b9yHjqaD1noDNJJViI2QwOH7TQZ9VbbrvdVtDrFuS9Sf9He80TBCJqeHShwQN9783W1I3Pu/8kw==
  dependencies:
    "@aws-sdk/types" "3.127.0"
    tslib "^2.3.1"

"@aws-sdk/middleware-signing@3.130.0":
  version "3.130.0"
  resolved "https://registry.yarnpkg.com/@aws-sdk/middleware-signing/-/middleware-signing-3.130.0.tgz#10c5606cf6cd32cf9afa857b0ff32659460902a7"
  integrity sha512-JePq5XLR9TfRN3RQ0d7Za/bEW5D3xgtD1FNAwHeenWALeozMuQgRPjM5RroCnL/5jY3wuvCZI7cSXeqhawWqmA==
  dependencies:
    "@aws-sdk/property-provider" "3.127.0"
    "@aws-sdk/protocol-http" "3.127.0"
    "@aws-sdk/signature-v4" "3.130.0"
    "@aws-sdk/types" "3.127.0"
    tslib "^2.3.1"

"@aws-sdk/middleware-stack@3.127.0":
  version "3.127.0"
  resolved "https://registry.yarnpkg.com/@aws-sdk/middleware-stack/-/middleware-stack-3.127.0.tgz#d569d964256cdd4a5afd149de325296cf19762f6"
  integrity sha512-S1IoUE5o1vCmjsF5nIE8zlItNOM1UE+lhmZeigF7knXJ9+a6ewMB6POAj/s4eoi0wcn0eSnAGsqJCWMSUjOPLA==
  dependencies:
    tslib "^2.3.1"

"@aws-sdk/middleware-user-agent@3.127.0":
  version "3.127.0"
  resolved "https://registry.yarnpkg.com/@aws-sdk/middleware-user-agent/-/middleware-user-agent-3.127.0.tgz#f676aac4ddaba64bb12b6d69b0ed7328479cf798"
  integrity sha512-CHxgswoOzdkOEoIq7Oyob3Sx/4FYUv6BhUesAX7MNshaDDsTQPbSWjw5bqZDiL/gO+X/34fvqCVVpVD2GvxW/g==
  dependencies:
    "@aws-sdk/protocol-http" "3.127.0"
    "@aws-sdk/types" "3.127.0"
    tslib "^2.3.1"

"@aws-sdk/node-config-provider@3.127.0":
  version "3.127.0"
  resolved "https://registry.yarnpkg.com/@aws-sdk/node-config-provider/-/node-config-provider-3.127.0.tgz#43a460526f0c24a661264189712e0ff5475e9b45"
  integrity sha512-bAHkASMhLZHT1yv2TX6OJGFV9Lc3t1gKfTMEKdXM2O2YhGfSx9A/qLeJm79oDfnILWQtSS2NicxlRDI2lYGf4g==
  dependencies:
    "@aws-sdk/property-provider" "3.127.0"
    "@aws-sdk/shared-ini-file-loader" "3.127.0"
    "@aws-sdk/types" "3.127.0"
    tslib "^2.3.1"

"@aws-sdk/node-http-handler@3.127.0":
  version "3.127.0"
  resolved "https://registry.yarnpkg.com/@aws-sdk/node-http-handler/-/node-http-handler-3.127.0.tgz#81c0a34061b233027bc673f3359c36555c0688d7"
  integrity sha512-pyMKvheK8eDwWLgYIRsWy8wiyhsbYYcqkZQs3Eh6upI4E8iCY7eMmhWvHYCibvsO+UjsOwa4cAMOfwnv/Z9s8A==
  dependencies:
    "@aws-sdk/abort-controller" "3.127.0"
    "@aws-sdk/protocol-http" "3.127.0"
    "@aws-sdk/querystring-builder" "3.127.0"
    "@aws-sdk/types" "3.127.0"
    tslib "^2.3.1"

"@aws-sdk/property-provider@3.127.0":
  version "3.127.0"
  resolved "https://registry.yarnpkg.com/@aws-sdk/property-provider/-/property-provider-3.127.0.tgz#3b70d23354c35ea04c29c97f05cc4108c2e194ba"
  integrity sha512-JxenxlTEkWfLrtJqIjaXaJzAVQbbscoCb5bNjmdud07ESLVfWRKJx2nAJdecHKYp2M5NQyqBuFhQ1ELSFYQKCA==
  dependencies:
    "@aws-sdk/types" "3.127.0"
    tslib "^2.3.1"

"@aws-sdk/protocol-http@3.127.0":
  version "3.127.0"
  resolved "https://registry.yarnpkg.com/@aws-sdk/protocol-http/-/protocol-http-3.127.0.tgz#c1d7bb20f09f9e86fd885d3effb33850b618e549"
  integrity sha512-UG83PVuKX40wilG2uRU0Fvz4OY8Bt+bSPOG776DFjwIXYzK7BwpJm9H2XI2HLhS5WxrJHhwrLBRgW6UiykMnFw==
  dependencies:
    "@aws-sdk/types" "3.127.0"
    tslib "^2.3.1"

"@aws-sdk/querystring-builder@3.127.0":
  version "3.127.0"
  resolved "https://registry.yarnpkg.com/@aws-sdk/querystring-builder/-/querystring-builder-3.127.0.tgz#50a100d13bd13bb06ee92dcd9568e21a37fb9c49"
  integrity sha512-tsoyp4lLPsASPDYWsezGAHD8VJsZbjUNATNAzTCFdH6p+4SKBK83Q5kfXCzxt13M+l3oKbxxIWLvS0kVQFyltQ==
  dependencies:
    "@aws-sdk/types" "3.127.0"
    "@aws-sdk/util-uri-escape" "3.55.0"
    tslib "^2.3.1"

"@aws-sdk/querystring-parser@3.127.0":
  version "3.127.0"
  resolved "https://registry.yarnpkg.com/@aws-sdk/querystring-parser/-/querystring-parser-3.127.0.tgz#d485db0d24005e95bb4c9c478691cd805e5fc0f4"
  integrity sha512-Vn/Dv+PqUSepp/DzLqq0LJJD8HdPefJCnLbO5WcHCARHSGlyGlZUFEM45k/oEHpTvgMXj/ORaP3A+tLwLu0AmA==
  dependencies:
    "@aws-sdk/types" "3.127.0"
    tslib "^2.3.1"

"@aws-sdk/service-error-classification@3.127.0":
  version "3.127.0"
  resolved "https://registry.yarnpkg.com/@aws-sdk/service-error-classification/-/service-error-classification-3.127.0.tgz#64b69215b2525e3b6806856187ef54b00c0f85d1"
  integrity sha512-wjZY9rnlA8SPrICUumTYicEKtK4/yKB62iadUk66hxe8MrH8JhuHH2NqIad0Pt/bK/YtNVhd3yb4pRapOeY5qQ==

"@aws-sdk/shared-ini-file-loader@3.127.0":
  version "3.127.0"
  resolved "https://registry.yarnpkg.com/@aws-sdk/shared-ini-file-loader/-/shared-ini-file-loader-3.127.0.tgz#019c5512bf92f954f6aca6f6811e38fe048aadf6"
  integrity sha512-S3Nn4KRTqoJsB/TbRZSWBBUrkckNMR0Juqz7bOB+wupVvddKP6IcpspSC/GX9zgJjVMV8iGisZ6AUsYsC5r+cA==
  dependencies:
    tslib "^2.3.1"

"@aws-sdk/signature-v4@3.130.0":
  version "3.130.0"
  resolved "https://registry.yarnpkg.com/@aws-sdk/signature-v4/-/signature-v4-3.130.0.tgz#152085234311610a350fdcd9a7f877a83aa44cf1"
  integrity sha512-g5G1a1NHL2uOoFfC2zQdZcj+wbjgBQPkx6xGdtqNKf9v2kS0n6ap5JUGEaqWE02lUlmWHsoMsS73hXtzwXaBRQ==
  dependencies:
    "@aws-sdk/is-array-buffer" "3.55.0"
    "@aws-sdk/types" "3.127.0"
    "@aws-sdk/util-hex-encoding" "3.109.0"
    "@aws-sdk/util-middleware" "3.127.0"
    "@aws-sdk/util-uri-escape" "3.55.0"
    tslib "^2.3.1"

"@aws-sdk/smithy-client@3.127.0":
  version "3.127.0"
  resolved "https://registry.yarnpkg.com/@aws-sdk/smithy-client/-/smithy-client-3.127.0.tgz#64bbdedc3f8ef8a9b908b109833c458f24f58a13"
  integrity sha512-sfcAJ+7a41CJMtsv6HRIjA91155Yk013RvMUdG2EMSo3cpLq/QmTJ1EGw4ByDZs5HLpXAaRoLI+bA2ovriGQnQ==
  dependencies:
    "@aws-sdk/middleware-stack" "3.127.0"
    "@aws-sdk/types" "3.127.0"
    tslib "^2.3.1"

"@aws-sdk/types@3.127.0", "@aws-sdk/types@^3.1.0":
  version "3.127.0"
  resolved "https://registry.yarnpkg.com/@aws-sdk/types/-/types-3.127.0.tgz#a7bafc47ee2328eee2453087521e6c3a39e7278d"
  integrity sha512-e0wtx2IkOl7rwfKfLH5pPTzQ+d45V7b1WrjeL0WDI8kOu6w+sXmhNxI6uM2kf0k4NiTLN84lW290AEWupey9Og==

"@aws-sdk/url-parser@3.127.0":
  version "3.127.0"
  resolved "https://registry.yarnpkg.com/@aws-sdk/url-parser/-/url-parser-3.127.0.tgz#7a5c6186e83dc6f823c989c0575aebe384e676b0"
  integrity sha512-njZ7zn41JHRpNfr3BCesVXCLZE0zcWSfEdtRV0ICw0cU1FgYcKELSuY9+gLUB4ci6uc7gq7mPE8+w30FcM4QeA==
  dependencies:
    "@aws-sdk/querystring-parser" "3.127.0"
    "@aws-sdk/types" "3.127.0"
    tslib "^2.3.1"

"@aws-sdk/util-base64-browser@3.109.0":
  version "3.109.0"
  resolved "https://registry.yarnpkg.com/@aws-sdk/util-base64-browser/-/util-base64-browser-3.109.0.tgz#e7faf5c4cbb88bc39b9c1c5a1a79e4c869e9f645"
  integrity sha512-lAZ6fyDGiRLaIsKT9qh7P9FGuNyZ4gAbr1YOSQk/5mHtaTuUvxlPptZuInNM/0MPQm6lpcot00D8IWTucn4PbA==
  dependencies:
    tslib "^2.3.1"

"@aws-sdk/util-base64-node@3.55.0":
  version "3.55.0"
  resolved "https://registry.yarnpkg.com/@aws-sdk/util-base64-node/-/util-base64-node-3.55.0.tgz#da9a3fd6752be49163572144793e6b23d0186ff4"
  integrity sha512-UQ/ZuNoAc8CFMpSiRYmevaTsuRKzLwulZTnM8LNlIt9Wx1tpNvqp80cfvVj7yySKROtEi20wq29h31dZf1eYNQ==
  dependencies:
    "@aws-sdk/util-buffer-from" "3.55.0"
    tslib "^2.3.1"

"@aws-sdk/util-body-length-browser@3.55.0":
  version "3.55.0"
  resolved "https://registry.yarnpkg.com/@aws-sdk/util-body-length-browser/-/util-body-length-browser-3.55.0.tgz#9c2637097501032f6a1afddb76687415fe9b44b6"
  integrity sha512-Ei2OCzXQw5N6ZkTMZbamUzc1z+z1R1Ja5tMEagz5BxuX4vWdBObT+uGlSzL8yvTbjoPjnxWA2aXyEqaUP3JS8Q==
  dependencies:
    tslib "^2.3.1"

"@aws-sdk/util-body-length-node@3.55.0":
  version "3.55.0"
  resolved "https://registry.yarnpkg.com/@aws-sdk/util-body-length-node/-/util-body-length-node-3.55.0.tgz#67049bbb6c62d794a1bb5a13b9a678988c925489"
  integrity sha512-lU1d4I+9wJwydduXs0SxSfd+mHKjxeyd39VwOv6i2KSwWkPbji9UQqpflKLKw+r45jL7+xU/zfeTUg5Tt/3Gew==
  dependencies:
    tslib "^2.3.1"

"@aws-sdk/util-buffer-from@3.55.0":
  version "3.55.0"
  resolved "https://registry.yarnpkg.com/@aws-sdk/util-buffer-from/-/util-buffer-from-3.55.0.tgz#e7c927974b07a29502aa1ad58509b91d0d7cf0f7"
  integrity sha512-uVzKG1UgvnV7XX2FPTylBujYMKBPBaq/qFBxfl0LVNfrty7YjpfieQxAe6yRLD+T0Kir/WDQwGvYC+tOYG3IGA==
  dependencies:
    "@aws-sdk/is-array-buffer" "3.55.0"
    tslib "^2.3.1"

"@aws-sdk/util-config-provider@3.109.0":
  version "3.109.0"
  resolved "https://registry.yarnpkg.com/@aws-sdk/util-config-provider/-/util-config-provider-3.109.0.tgz#7828b8894b2b23c289ffc5c106cbced7a5d6ee86"
  integrity sha512-GrAZl/aBv0A28LkyNyq8SPJ5fmViCwz80fWLMeWx/6q5AbivuILogjlWwEZSvZ9zrlHOcFC0+AnCa5pQrjaslw==
  dependencies:
    tslib "^2.3.1"

"@aws-sdk/util-defaults-mode-browser@3.127.0":
  version "3.127.0"
  resolved "https://registry.yarnpkg.com/@aws-sdk/util-defaults-mode-browser/-/util-defaults-mode-browser-3.127.0.tgz#4fa9fe802e4296c0ab2e63a6a3c7c787ac5286df"
  integrity sha512-e/vBm+EYSJ0R79591EPiCPE3aR5RKk5CjOkQjNxZIX8UPnIlo7xohTcebfR/iugSTxNrpfrFv+o4H5GjzAuhLA==
  dependencies:
    "@aws-sdk/property-provider" "3.127.0"
    "@aws-sdk/types" "3.127.0"
    bowser "^2.11.0"
    tslib "^2.3.1"

"@aws-sdk/util-defaults-mode-node@3.130.0":
  version "3.130.0"
  resolved "https://registry.yarnpkg.com/@aws-sdk/util-defaults-mode-node/-/util-defaults-mode-node-3.130.0.tgz#4347aeabccf7b3d04aecd7545e904781ac9c0be1"
  integrity sha512-0BWx7C6GhHBrjPUuSgMnRA4InxYisX6MIGs5yIHk2OArYkQLJMdeORYXXz1y40ahMihmtjD/Ap5xQGBm2vyffA==
  dependencies:
    "@aws-sdk/config-resolver" "3.130.0"
    "@aws-sdk/credential-provider-imds" "3.127.0"
    "@aws-sdk/node-config-provider" "3.127.0"
    "@aws-sdk/property-provider" "3.127.0"
    "@aws-sdk/types" "3.127.0"
    tslib "^2.3.1"

"@aws-sdk/util-hex-encoding@3.109.0":
  version "3.109.0"
  resolved "https://registry.yarnpkg.com/@aws-sdk/util-hex-encoding/-/util-hex-encoding-3.109.0.tgz#93b20acc27c0a1d7d80f653bf19d3dd01c2ccc65"
  integrity sha512-s8CgTNrn3cLkrdiohfxLuOYPCanzvHn/aH5RW6DaMoeQiG5Hl9QUiP/WtdQ9QQx3xvpQFpmvxIaSBwSgFNLQxA==
  dependencies:
    tslib "^2.3.1"

"@aws-sdk/util-locate-window@^3.0.0":
  version "3.55.0"
  resolved "https://registry.yarnpkg.com/@aws-sdk/util-locate-window/-/util-locate-window-3.55.0.tgz#a4136a20ee1bfcb73967a6614caf769ef79db070"
  integrity sha512-0sPmK2JaJE2BbTcnvybzob/VrFKCXKfN4CUKcvn0yGg/me7Bz+vtzQRB3Xp+YSx+7OtWxzv63wsvHoAnXvgxgg==
  dependencies:
    tslib "^2.3.1"

"@aws-sdk/util-middleware@3.127.0":
  version "3.127.0"
  resolved "https://registry.yarnpkg.com/@aws-sdk/util-middleware/-/util-middleware-3.127.0.tgz#266d6160886f272cb3e3c3eb5266abbac0c033bc"
  integrity sha512-EwAPPed9TNqh+Wov2VStLn2NuJ/Wyt7IkZCbCsBuSNp3BFZ1V4gfwTjqtKCtB2LQgQ48MTgWgNCvrH0zjCSPGg==
  dependencies:
    tslib "^2.3.1"

"@aws-sdk/util-uri-escape@3.55.0":
  version "3.55.0"
  resolved "https://registry.yarnpkg.com/@aws-sdk/util-uri-escape/-/util-uri-escape-3.55.0.tgz#ee57743c628a1c9f942dfe73205ce890ec011916"
  integrity sha512-mmdDLUpFCN2nkfwlLdOM54lTD528GiGSPN1qb8XtGLgZsJUmg3uJSFIN2lPeSbEwJB3NFjVas/rnQC48i7mV8w==
  dependencies:
    tslib "^2.3.1"

"@aws-sdk/util-user-agent-browser@3.127.0":
  version "3.127.0"
  resolved "https://registry.yarnpkg.com/@aws-sdk/util-user-agent-browser/-/util-user-agent-browser-3.127.0.tgz#dc6c4c9049ebf238c321883593b2cd3d82b5e755"
  integrity sha512-uO2oHmJswuYKJS+GiMdYI8izhpC9M7/jFFvnAmLlTEVwpEi1VX9KePAOF+u5AaBC2kzITo/7dg141XfRHZloIQ==
  dependencies:
    "@aws-sdk/types" "3.127.0"
    bowser "^2.11.0"
    tslib "^2.3.1"

"@aws-sdk/util-user-agent-node@3.127.0":
  version "3.127.0"
  resolved "https://registry.yarnpkg.com/@aws-sdk/util-user-agent-node/-/util-user-agent-node-3.127.0.tgz#368dc0c0e1160e8ca9e5ca21f3857004509aa06e"
  integrity sha512-3P/M4ZDD2qMeeoCk7TE/Mw7cG5IjB87F6BP8nI8/oHuaz7j6fsI7D49SNpyjl8JApRynZ122Ad6hwQwRj3isYw==
  dependencies:
    "@aws-sdk/node-config-provider" "3.127.0"
    "@aws-sdk/types" "3.127.0"
    tslib "^2.3.1"

"@aws-sdk/util-utf8-browser@3.109.0", "@aws-sdk/util-utf8-browser@^3.0.0":
  version "3.109.0"
  resolved "https://registry.yarnpkg.com/@aws-sdk/util-utf8-browser/-/util-utf8-browser-3.109.0.tgz#d013272e1981b23a4c84ac06f154db686c0cf84e"
  integrity sha512-FmcGSz0v7Bqpl1SE8G1Gc0CtDpug+rvqNCG/szn86JApD/f5x8oByjbEiAyTU2ZH2VevUntx6EW68ulHyH+x+w==
  dependencies:
    tslib "^2.3.1"

"@aws-sdk/util-utf8-node@3.109.0":
  version "3.109.0"
  resolved "https://registry.yarnpkg.com/@aws-sdk/util-utf8-node/-/util-utf8-node-3.109.0.tgz#89e06d916f5b246c7265f59bac742973ac0767ac"
  integrity sha512-Ti/ZBdvz2eSTElsucjzNmzpyg2MwfD1rXmxD0hZuIF8bPON/0+sZYnWd5CbDw9kgmhy28dmKue086tbZ1G0iLQ==
  dependencies:
    "@aws-sdk/util-buffer-from" "3.55.0"
    tslib "^2.3.1"

"@sentry/core@6.19.6":
  version "6.19.6"
  resolved "https://registry.yarnpkg.com/@sentry/core/-/core-6.19.6.tgz#7d4649d0148b5d0be1358ab02e2f869bf7363e9a"
  integrity sha512-biEotGRr44/vBCOegkTfC9rwqaqRKIpFljKGyYU6/NtzMRooktqOhjmjmItNCMRknArdeaQwA8lk2jcZDXX3Og==
  dependencies:
    "@sentry/hub" "6.19.6"
    "@sentry/minimal" "6.19.6"
    "@sentry/types" "6.19.6"
    "@sentry/utils" "6.19.6"
    tslib "^1.9.3"

"@sentry/hub@6.19.6":
  version "6.19.6"
  resolved "https://registry.yarnpkg.com/@sentry/hub/-/hub-6.19.6.tgz#ada83ceca0827c49534edfaba018221bc1eb75e1"
  integrity sha512-PuEOBZxvx3bjxcXmWWZfWXG+orojQiWzv9LQXjIgroVMKM/GG4QtZbnWl1hOckUj7WtKNl4hEGO2g/6PyCV/vA==
  dependencies:
    "@sentry/types" "6.19.6"
    "@sentry/utils" "6.19.6"
    tslib "^1.9.3"

"@sentry/minimal@6.19.6":
  version "6.19.6"
  resolved "https://registry.yarnpkg.com/@sentry/minimal/-/minimal-6.19.6.tgz#b6cced3708e25d322039e68ebdf8fadfa445bf7d"
  integrity sha512-T1NKcv+HTlmd8EbzUgnGPl4ySQGHWMCyZ8a8kXVMZOPDzphN3fVIzkYzWmSftCWp0rpabXPt9aRF2mfBKU+mAQ==
  dependencies:
    "@sentry/hub" "6.19.6"
    "@sentry/types" "6.19.6"
    tslib "^1.9.3"

"@sentry/types@6.19.6":
  version "6.19.6"
  resolved "https://registry.yarnpkg.com/@sentry/types/-/types-6.19.6.tgz#70513f9dca05d23d7ab9c2a6cb08d4db6763ca67"
  integrity sha512-QH34LMJidEUPZK78l+Frt3AaVFJhEmIi05Zf8WHd9/iTt+OqvCHBgq49DDr1FWFqyYWm/QgW/3bIoikFpfsXyQ==

"@sentry/utils@6.19.6":
  version "6.19.6"
  resolved "https://registry.yarnpkg.com/@sentry/utils/-/utils-6.19.6.tgz#2ddc9ef036c3847084c43d0e5a55e4646bdf9021"
  integrity sha512-fAMWcsguL0632eWrROp/vhPgI7sBj/JROWVPzpabwVkm9z3m1rQm6iLFn4qfkZL8Ozy6NVZPXOQ7EXmeU24byg==
  dependencies:
    "@sentry/types" "6.19.6"
    tslib "^1.9.3"

"@types/cookie@0.5.0":
  version "0.5.0"
  resolved "https://registry.yarnpkg.com/@types/cookie/-/cookie-0.5.0.tgz#14ebcd209f2555e341548c31128d4deb34dfb2b0"
  integrity sha512-CJWHVHHupxBYfIlMM+qzXx4dRKIV1VzOm0cP3Wpqten8MDx1tK+y92YDXUshN1ONAfwodvKxDNkw35/pNs+izg==

bowser@^2.11.0:
  version "2.11.0"
  resolved "https://registry.yarnpkg.com/bowser/-/bowser-2.11.0.tgz#5ca3c35757a7aa5771500c70a73a9f91ef420a8f"
  integrity sha512-AlcaJBi/pqqJBIQ8U9Mcpc9i8Aqxn88Skv5d+xBX006BY5u8N3mGLHa5Lgppa7L/HfwgwLgZ6NYs+Ag6uUmJRA==

buffer-equal-constant-time@1.0.1:
  version "1.0.1"
  resolved "https://registry.yarnpkg.com/buffer-equal-constant-time/-/buffer-equal-constant-time-1.0.1.tgz#f8e71132f7ffe6e01a5c9697a4c6f3e48d5cc819"
  integrity sha512-zRpUiDwd/xk6ADqPMATG8vc9VPrkck7T07OIx0gnjmJAnHnTVXNQG3vfvWNuiZIkwu9KrKdA1iJKfsfTVxE6NA==

cookie@0.5.0:
  version "0.5.0"
  resolved "https://registry.yarnpkg.com/cookie/-/cookie-0.5.0.tgz#d1f5d71adec6558c58f389987c366aa47e994f8b"
  integrity sha512-YZ3GUyn/o8gfKJlnlX7g7xq4gyO6OSuhGPKaaGssGB2qgDUS0gPgtTvoyZLTt9Ab6dC4hfc9dV5arkvc/OCmrw==

decode-uri-component@^0.2.0:
  version "0.2.0"
  resolved "https://registry.yarnpkg.com/decode-uri-component/-/decode-uri-component-0.2.0.tgz#eb3913333458775cb84cd1a1fae062106bb87545"
  integrity sha512-hjf+xovcEn31w/EUYdTXQh/8smFL/dzYjohQGEIgjyNavaJfBY2p5F527Bo1VPATxv0VYTUC2bOcXvqFwk78Og==

ecdsa-sig-formatter@1.0.11:
  version "1.0.11"
  resolved "https://registry.yarnpkg.com/ecdsa-sig-formatter/-/ecdsa-sig-formatter-1.0.11.tgz#ae0f0fa2d85045ef14a817daa3ce9acd0489e5bf"
  integrity sha512-nagl3RYrbNv6kQkeJIpt6NJZy8twLB/2vtz6yN9Z4vRKHN4/QZJIEbqohALSgwKdnksuY3k5Addp5lg8sVoVcQ==
  dependencies:
    safe-buffer "^5.0.1"

entities@2.2.0:
  version "2.2.0"
  resolved "https://registry.yarnpkg.com/entities/-/entities-2.2.0.tgz#098dc90ebb83d8dffa089d55256b351d34c4da55"
  integrity sha512-p92if5Nz619I0w+akJrLZH0MX0Pb5DX39XOwQTtXSdQQOaYH03S1uIQp4mhOZtAXrxq4ViO67YTiLBo2638o9A==

error-stack-parser@^2.0.6:
  version "2.1.4"
  resolved "https://registry.yarnpkg.com/error-stack-parser/-/error-stack-parser-2.1.4.tgz#229cb01cdbfa84440bfa91876285b94680188286"
  integrity sha512-Sk5V6wVazPhq5MhpO+AUxJn5x7XSXGl1R93Vn7i+zS15KDVxQijejNCrz8340/2bgLBjR9GtEG8ZVKONDjcqGQ==
  dependencies:
    stackframe "^1.3.4"

fast-xml-parser@3.19.0:
  version "3.19.0"
  resolved "https://registry.yarnpkg.com/fast-xml-parser/-/fast-xml-parser-3.19.0.tgz#cb637ec3f3999f51406dd8ff0e6fc4d83e520d01"
  integrity sha512-4pXwmBplsCPv8FOY1WRakF970TjNGnGnfbOnLqjlYvMiF1SR3yOHyxMR/YCXpPTOspNF5gwudqktIP4VsWkvBg==

filter-obj@^1.1.0:
  version "1.1.0"
  resolved "https://registry.yarnpkg.com/filter-obj/-/filter-obj-1.1.0.tgz#9b311112bc6c6127a16e016c6c5d7f19e0805c5b"
  integrity sha512-8rXg1ZnX7xzy2NGDVkBVaAy+lSlPNwad13BtgSlLuxfIslyt5Vg64U7tFcCt4WS1R0hvtnQybT/IyCkGZ3DpXQ==

hono@^2.0.5:
  version "2.0.5"
  resolved "https://registry.yarnpkg.com/hono/-/hono-2.0.5.tgz#a40355f5fddb287f631c3953828b834c2775cb45"
  integrity sha512-Vuwj2Qbk94y6NSTzaMo2eYHLyX0OpKmTONKOhUYUK6Lx6L/IRsDJ37aBY+7wi3oli7Sez792cAuZ5vdSt/Qt+g==

jsonwebtoken@^8.5.1:
  version "8.5.1"
  resolved "https://registry.yarnpkg.com/jsonwebtoken/-/jsonwebtoken-8.5.1.tgz#00e71e0b8df54c2121a1f26137df2280673bcc0d"
  integrity sha512-XjwVfRS6jTMsqYs0EsuJ4LGxXV14zQybNd4L2r0UvbVnSF9Af8x7p5MzbJ90Ioz/9TI41/hTCvznF/loiSzn8w==
  dependencies:
    jws "^3.2.2"
    lodash.includes "^4.3.0"
    lodash.isboolean "^3.0.3"
    lodash.isinteger "^4.0.4"
    lodash.isnumber "^3.0.3"
    lodash.isplainobject "^4.0.6"
    lodash.isstring "^4.0.1"
    lodash.once "^4.0.0"
    ms "^2.1.1"
    semver "^5.6.0"

jwa@^1.4.1:
  version "1.4.1"
  resolved "https://registry.yarnpkg.com/jwa/-/jwa-1.4.1.tgz#743c32985cb9e98655530d53641b66c8645b039a"
  integrity sha512-qiLX/xhEEFKUAJ6FiBMbes3w9ATzyk5W7Hvzpa/SLYdxNtng+gcurvrI7TbACjIXlsJyr05/S1oUhZrc63evQA==
  dependencies:
    buffer-equal-constant-time "1.0.1"
    ecdsa-sig-formatter "1.0.11"
    safe-buffer "^5.0.1"

jws@^3.2.2:
  version "3.2.2"
  resolved "https://registry.yarnpkg.com/jws/-/jws-3.2.2.tgz#001099f3639468c9414000e99995fa52fb478304"
  integrity sha512-YHlZCB6lMTllWDtSPHz/ZXTsi8S00usEV6v1tjq8tOUZzw7DpSDWVXjXDre6ed1w/pd495ODpHZYSdkRTsa0HA==
  dependencies:
    jwa "^1.4.1"
    safe-buffer "^5.0.1"

lodash.includes@^4.3.0:
  version "4.3.0"
  resolved "https://registry.yarnpkg.com/lodash.includes/-/lodash.includes-4.3.0.tgz#60bb98a87cb923c68ca1e51325483314849f553f"
  integrity sha512-W3Bx6mdkRTGtlJISOvVD/lbqjTlPPUDTMnlXZFnVwi9NKJ6tiAk6LVdlhZMm17VZisqhKcgzpO5Wz91PCt5b0w==

lodash.isboolean@^3.0.3:
  version "3.0.3"
  resolved "https://registry.yarnpkg.com/lodash.isboolean/-/lodash.isboolean-3.0.3.tgz#6c2e171db2a257cd96802fd43b01b20d5f5870f6"
  integrity sha512-Bz5mupy2SVbPHURB98VAcw+aHh4vRV5IPNhILUCsOzRmsTmSQ17jIuqopAentWoehktxGd9e/hbIXq980/1QJg==

lodash.isinteger@^4.0.4:
  version "4.0.4"
  resolved "https://registry.yarnpkg.com/lodash.isinteger/-/lodash.isinteger-4.0.4.tgz#619c0af3d03f8b04c31f5882840b77b11cd68343"
  integrity sha512-DBwtEWN2caHQ9/imiNeEA5ys1JoRtRfY3d7V9wkqtbycnAmTvRRmbHKDV4a0EYc678/dia0jrte4tjYwVBaZUA==

lodash.isnumber@^3.0.3:
  version "3.0.3"
  resolved "https://registry.yarnpkg.com/lodash.isnumber/-/lodash.isnumber-3.0.3.tgz#3ce76810c5928d03352301ac287317f11c0b1ffc"
  integrity sha512-QYqzpfwO3/CWf3XP+Z+tkQsfaLL/EnUlXWVkIk5FUPc4sBdTehEqZONuyRt2P67PXAk+NXmTBcc97zw9t1FQrw==

lodash.isplainobject@^4.0.6:
  version "4.0.6"
  resolved "https://registry.yarnpkg.com/lodash.isplainobject/-/lodash.isplainobject-4.0.6.tgz#7c526a52d89b45c45cc690b88163be0497f550cb"
  integrity sha512-oSXzaWypCMHkPC3NvBEaPHf0KsA5mvPrOPgQWDsbg8n7orZ290M0BmC/jgRZ4vcJ6DTAhjrsSYgdsW/F+MFOBA==

lodash.isstring@^4.0.1:
  version "4.0.1"
  resolved "https://registry.yarnpkg.com/lodash.isstring/-/lodash.isstring-4.0.1.tgz#d527dfb5456eca7cc9bb95d5daeaf88ba54a5451"
  integrity sha512-0wJxfxH1wgO3GrbuP+dTTk7op+6L41QCXbGINEmD+ny/G/eCqGzxyCsh7159S+mgDDcoarnBw6PC1PS5+wUGgw==

lodash.once@^4.0.0:
  version "4.1.1"
  resolved "https://registry.yarnpkg.com/lodash.once/-/lodash.once-4.1.1.tgz#0dd3971213c7c56df880977d504c88fb471a97ac"
  integrity sha512-Sb487aTOCr9drQVL8pIxOzVhafOjZN9UU54hiN8PU3uAiSV7lx1yYNpbNmex2PK6dSJoNTSJUUswT651yww3Mg==

ms@^2.1.1:
  version "2.1.3"
  resolved "https://registry.yarnpkg.com/ms/-/ms-2.1.3.tgz#574c8138ce1d2b5861f0b44579dbadd60c6615b2"
  integrity sha512-6FlzubTLZG3J2a/NVCAleEhjzq5oxgHyaCU9yYXvcLsvoVaHJq/s5xXI6/XXP6tz7R9xAOtHnSO/tXtF3WRTlA==

prettier@^2.7.1:
  version "2.7.1"
  resolved "https://registry.yarnpkg.com/prettier/-/prettier-2.7.1.tgz#e235806850d057f97bb08368a4f7d899f7760c64"
  integrity sha512-ujppO+MkdPqoVINuDFDRLClm7D78qbDt0/NR+wp5FqEZOoTNAjPHWj17QRhu7geIHJfcNhRk1XVQmF8Bp3ye+g==

query-string@^7.0.1:
  version "7.1.1"
  resolved "https://registry.yarnpkg.com/query-string/-/query-string-7.1.1.tgz#754620669db978625a90f635f12617c271a088e1"
  integrity sha512-MplouLRDHBZSG9z7fpuAAcI7aAYjDLhtsiVZsevsfaHWDS2IDdORKbSd1kWUA+V4zyva/HZoSfpwnYMMQDhb0w==
  dependencies:
    decode-uri-component "^0.2.0"
    filter-obj "^1.1.0"
    split-on-first "^1.0.0"
    strict-uri-encode "^2.0.0"

safe-buffer@^5.0.1:
  version "5.2.1"
  resolved "https://registry.yarnpkg.com/safe-buffer/-/safe-buffer-5.2.1.tgz#1eaf9fa9bdb1fdd4ec75f58f9cdb4e6b7827eec6"
  integrity sha512-rp3So07KcdmmKbGvgaNxQSJr7bGVSVk5S9Eq1F+ppbRo70+YeaDxkw5Dd8NPN+GD6bjnYm2VuPuCXmpuYvmCXQ==

semver@^5.6.0:
  version "5.7.1"
  resolved "https://registry.yarnpkg.com/semver/-/semver-5.7.1.tgz#a954f931aeba508d307bbf069eff0c01c96116f7"
  integrity sha512-sauaDf/PZdVgrLTNYHRtpXa1iRiKcaebiKQ1BJdpQlWH2lCvexQdX55snPFyK7QzpudqbCI0qXFfOasHdyNDGQ==

source-map@0.5.6:
  version "0.5.6"
  resolved "https://registry.yarnpkg.com/source-map/-/source-map-0.5.6.tgz#75ce38f52bf0733c5a7f0c118d81334a2bb5f412"
  integrity sha512-MjZkVp0NHr5+TPihLcadqnlVoGIoWo4IBHptutGh9wI3ttUYvCG26HkSuDi+K6lsZ25syXJXcctwgyVCt//xqA==

split-on-first@^1.0.0:
  version "1.1.0"
  resolved "https://registry.yarnpkg.com/split-on-first/-/split-on-first-1.1.0.tgz#f610afeee3b12bce1d0c30425e76398b78249a5f"
  integrity sha512-43ZssAJaMusuKWL8sKUBQXHWOpq8d6CfN/u1p4gUzfJkM05C8rxTmYrkIPTXapZpORA6LkkzcUulJ8FqA7Uudw==

stack-generator@^2.0.5:
  version "2.0.10"
  resolved "https://registry.yarnpkg.com/stack-generator/-/stack-generator-2.0.10.tgz#8ae171e985ed62287d4f1ed55a1633b3fb53bb4d"
  integrity sha512-mwnua/hkqM6pF4k8SnmZ2zfETsRUpWXREfA/goT8SLCV4iOFa4bzOX2nDipWAZFPTjLvQB82f5yaodMVhK0yJQ==
  dependencies:
    stackframe "^1.3.4"

stackframe@^1.3.4:
  version "1.3.4"
  resolved "https://registry.yarnpkg.com/stackframe/-/stackframe-1.3.4.tgz#b881a004c8c149a5e8efef37d51b16e412943310"
  integrity sha512-oeVtt7eWQS+Na6F//S4kJ2K2VbRlS9D43mAlMyVpVWovy9o+jfgH8O9agzANzaiLjclA0oYzUXEM4PurhSUChw==

stacktrace-gps@^3.0.4:
  version "3.1.2"
  resolved "https://registry.yarnpkg.com/stacktrace-gps/-/stacktrace-gps-3.1.2.tgz#0c40b24a9b119b20da4525c398795338966a2fb0"
  integrity sha512-GcUgbO4Jsqqg6RxfyTHFiPxdPqF+3LFmQhm7MgCuYQOYuWyqxo5pwRPz5d/u6/WYJdEnWfK4r+jGbyD8TSggXQ==
  dependencies:
    source-map "0.5.6"
    stackframe "^1.3.4"

stacktrace-js@2.0.2:
  version "2.0.2"
  resolved "https://registry.yarnpkg.com/stacktrace-js/-/stacktrace-js-2.0.2.tgz#4ca93ea9f494752d55709a081d400fdaebee897b"
  integrity sha512-Je5vBeY4S1r/RnLydLl0TBTi3F2qdfWmYsGvtfZgEI+SCprPppaIhQf5nGcal4gI4cGpCV/duLcAzT1np6sQqg==
  dependencies:
    error-stack-parser "^2.0.6"
    stack-generator "^2.0.5"
    stacktrace-gps "^3.0.4"

strict-uri-encode@^2.0.0:
  version "2.0.0"
  resolved "https://registry.yarnpkg.com/strict-uri-encode/-/strict-uri-encode-2.0.0.tgz#b9c7330c7042862f6b142dc274bbcc5866ce3546"
  integrity sha512-QwiXZgpRcKkhTj2Scnn++4PKtWsH0kpzZ62L2R6c/LUVYv7hVnZqcg2+sMuT6R7Jusu1vviK/MFsu6kNJfWlEQ==

toucan-js@^2.6.1:
  version "2.6.1"
  resolved "https://registry.yarnpkg.com/toucan-js/-/toucan-js-2.6.1.tgz#358ce4251da34b72e29d764c823f1407c37a03df"
  integrity sha512-G0D6lkfsQBWJhHgSagFCTc0QTWoAVfjouVZXGNv1L/N9YN2r41R0daqzpFHcAwbS4VrOTDgyiXzamfRDdub4sA==
  dependencies:
    "@sentry/core" "6.19.6"
    "@sentry/hub" "6.19.6"
    "@sentry/types" "6.19.6"
    "@sentry/utils" "6.19.6"
    "@types/cookie" "0.5.0"
    cookie "0.5.0"
    stacktrace-js "2.0.2"

tslib@^1.11.1, tslib@^1.9.3:
  version "1.14.1"
  resolved "https://registry.yarnpkg.com/tslib/-/tslib-1.14.1.tgz#cf2d38bdc34a134bcaf1091c41f6619e2f672d00"
  integrity sha512-Xni35NKzjgMrwevysHTCArtLDpPvye8zV/0E4EyYn43P7/7qvQwPh9BGkHewbMulVntbigmcT7rdX3BNo9wRJg==

tslib@^2.3.1:
  version "2.4.0"
  resolved "https://registry.yarnpkg.com/tslib/-/tslib-2.4.0.tgz#7cecaa7f073ce680a05847aa77be941098f36dc3"
  integrity sha512-d6xOpEDfsi2CZVlPQzGeux8XMwLT9hssAsaPYExaQMuYskwb+x1x7J371tWlbBdWHroy99KnVB6qIkUbs5X3UQ==

uuid@^8.3.2:
  version "8.3.2"
  resolved "https://registry.yarnpkg.com/uuid/-/uuid-8.3.2.tgz#80d5b5ced271bb9af6c445f21a1a04c606cefbe2"
  integrity sha512-+NYs2QeMWy+GWFOEm9xnn6HCDp0l7QBD7ml8zLUmJ+93Q5NF0NocErnwkTkXVFNiX3/fpC6afS8Dhb/gz7R7eg==

worker-auth-providers@^0.0.10:
  version "0.0.10"
  resolved "https://registry.yarnpkg.com/worker-auth-providers/-/worker-auth-providers-0.0.10.tgz#a2f78c8246a7659019b859adb799dcfdd056df14"
  integrity sha512-iPGR62BEAETSwrn24KiLnzfr2PCCQOBVH83VbS2fssb0Qf72QF6c8z2Yj6CkPw961SLgj8HK+jPfvvgVR3Tu2Q==
  dependencies:
    "@aws-sdk/client-sns" "^3.24.0"
    jsonwebtoken "^8.5.1"
    query-string "^7.0.1"
